
Microsoft Visual Studio Solution File, Format Version 12.00
# Visual Studio Version 17
VisualStudioVersion = 17.2.32602.215
MinimumVisualStudioVersion = 10.0.40219.1
Project("{FAE04EC0-301F-11D3-BF4B-00C04F79EFBC}") = "01.SoftUniReception", "01.SoftUniReception\01.SoftUniReception.csproj", "{89D3D75B-56C1-4184-AC9B-DB813E48953F}"
EndProject
Project("{FAE04EC0-301F-11D3-BF4B-00C04F79EFBC}") = "02.ArrayModifier", "02.ArrayModifier\02.ArrayModifier.csproj", "{B50FB770-45C5-46AC-8C32-678FE4C527BB}"
EndProject
Project("{FAE04EC0-301F-11D3-BF4B-00C04F79EFBC}") = "03.Numbers", "03.Numbers\03.Numbers.csproj", "{5218ED57-E66B-404F-8616-35A823FBF97A}"
EndProject
Global
	GlobalSection(SolutionConfigurationPlatforms) = preSolution
		Debug|Any CPU = Debug|Any CPU
		Release|Any CPU = Release|Any CPU
	EndGlobalSection
	GlobalSection(ProjectConfigurationPlatforms) = postSolution
		{89D3D75B-56C1-4184-AC9B-DB813E48953F}.Debug|Any CPU.ActiveCfg = Debug|Any CPU
		{89D3D75B-56C1-4184-AC9B-DB813E48953F}.Debug|Any CPU.Build.0 = Debug|Any CPU
		{89D3D75B-56C1-4184-AC9B-DB813E48953F}.Release|Any CPU.ActiveCfg = Release|Any CPU
		{89D3D75B-56C1-4184-AC9B-DB813E48953F}.Release|Any CPU.Build.0 = Release|Any CPU
		{B50FB770-45C5-46AC-8C32-678FE4C527BB}.Debug|Any CPU.ActiveCfg = Debug|Any CPU
		{B50FB770-45C5-46AC-8C32-678FE4C527BB}.Debug|Any CPU.Build.0 = Debug|Any CPU
		{B50FB770-45C5-46AC-8C32-678FE4C527BB}.Release|Any CPU.ActiveCfg = Release|Any CPU
		{B50FB770-45C5-46AC-8C32-678FE4C527BB}.Release|Any CPU.Build.0 = Release|Any CPU
		{5218ED57-E66B-404F-8616-35A823FBF97A}.Debug|Any CPU.ActiveCfg = Debug|Any CPU
		{5218ED57-E66B-404F-8616-35A823FBF97A}.Debug|Any CPU.Build.0 = Debug|Any CPU
		{5218ED57-E66B-404F-8616-35A823FBF97A}.Release|Any CPU.ActiveCfg = Release|Any CPU
		{5218ED57-E66B-404F-8616-35A823FBF97A}.Release|Any CPU.Build.0 = Release|Any CPU
	EndGlobalSection
	GlobalSection(SolutionProperties) = preSolution
		HideSolutionNode = FALSE
	EndGlobalSection
	GlobalSection(ExtensibilityGlobals) = postSolution
		SolutionGuid = {B7699872-CC16-4DDE-AC52-B7CEEFA75B21}
	EndGlobalSection
EndGlobal
