
Microsoft Visual Studio Solution File, Format Version 12.00
# Visual Studio Version 17
VisualStudioVersion = 17.5.33516.290
MinimumVisualStudioVersion = 10.0.40219.1
Project("{FAE04EC0-301F-11D3-BF4B-00C04F79EFBC}") = "03.EntityFrameworkIntroductionExercise", "03.EntityFrameworkIntroductionExercise.csproj", "{16C53FF6-DCD5-44B3-B9D3-545104EA2C4B}"
EndProject
Global
	GlobalSection(SolutionConfigurationPlatforms) = preSolution
		Debug|Any CPU = Debug|Any CPU
		Release|Any CPU = Release|Any CPU
	EndGlobalSection
	GlobalSection(ProjectConfigurationPlatforms) = postSolution
		{16C53FF6-DCD5-44B3-B9D3-545104EA2C4B}.Debug|Any CPU.ActiveCfg = Debug|Any CPU
		{16C53FF6-DCD5-44B3-B9D3-545104EA2C4B}.Debug|Any CPU.Build.0 = Debug|Any CPU
		{16C53FF6-DCD5-44B3-B9D3-545104EA2C4B}.Release|Any CPU.ActiveCfg = Release|Any CPU
		{16C53FF6-DCD5-44B3-B9D3-545104EA2C4B}.Release|Any CPU.Build.0 = Release|Any CPU
	EndGlobalSection
	GlobalSection(SolutionProperties) = preSolution
		HideSolutionNode = FALSE
	EndGlobalSection
	GlobalSection(ExtensibilityGlobals) = postSolution
		SolutionGuid = {0DF41DA4-A3BF-4567-B0B2-FC471C4DD692}
	EndGlobalSection
EndGlobal
