
Microsoft Visual Studio Solution File, Format Version 12.00
# Visual Studio Version 17
VisualStudioVersion = 17.3.32825.248
MinimumVisualStudioVersion = 10.0.40219.1
Project("{FAE04EC0-301F-11D3-BF4B-00C04F79EFBC}") = "07.ImplementingStack", "07.ImplementingStack.csproj", "{EBDFFD86-6642-436B-901F-9DDF14B84282}"
EndProject
Global
	GlobalSection(SolutionConfigurationPlatforms) = preSolution
		Debug|Any CPU = Debug|Any CPU
		Release|Any CPU = Release|Any CPU
	EndGlobalSection
	GlobalSection(ProjectConfigurationPlatforms) = postSolution
		{EBDFFD86-6642-436B-901F-9DDF14B84282}.Debug|Any CPU.ActiveCfg = Debug|Any CPU
		{EBDFFD86-6642-436B-901F-9DDF14B84282}.Debug|Any CPU.Build.0 = Debug|Any CPU
		{EBDFFD86-6642-436B-901F-9DDF14B84282}.Release|Any CPU.ActiveCfg = Release|Any CPU
		{EBDFFD86-6642-436B-901F-9DDF14B84282}.Release|Any CPU.Build.0 = Release|Any CPU
	EndGlobalSection
	GlobalSection(SolutionProperties) = preSolution
		HideSolutionNode = FALSE
	EndGlobalSection
	GlobalSection(ExtensibilityGlobals) = postSolution
		SolutionGuid = {2ECCD004-5BDC-44EF-9223-74D5A4AD5553}
	EndGlobalSection
EndGlobal
