
Microsoft Visual Studio Solution File, Format Version 12.00
# Visual Studio Version 17
VisualStudioVersion = 17.3.32825.248
MinimumVisualStudioVersion = 10.0.40219.1
Project("{FAE04EC0-301F-11D3-BF4B-00C04F79EFBC}") = "01.Masterchef", "01.Masterchef\01.Masterchef.csproj", "{1B1A7D89-D70D-4AEE-AF3E-9EB22D70B47E}"
EndProject
Project("{FAE04EC0-301F-11D3-BF4B-00C04F79EFBC}") = "02.Survivor", "02.Survivor\02.Survivor.csproj", "{F12F1F02-405B-418F-B9F5-1471EDCCE51C}"
EndProject
Project("{FAE04EC0-301F-11D3-BF4B-00C04F79EFBC}") = "03.SkiRental", "03.SkiRental\03.SkiRental.csproj", "{0F58C790-8726-4D39-8E53-1C588FF11153}"
EndProject
Global
	GlobalSection(SolutionConfigurationPlatforms) = preSolution
		Debug|Any CPU = Debug|Any CPU
		Release|Any CPU = Release|Any CPU
	EndGlobalSection
	GlobalSection(ProjectConfigurationPlatforms) = postSolution
		{1B1A7D89-D70D-4AEE-AF3E-9EB22D70B47E}.Debug|Any CPU.ActiveCfg = Debug|Any CPU
		{1B1A7D89-D70D-4AEE-AF3E-9EB22D70B47E}.Debug|Any CPU.Build.0 = Debug|Any CPU
		{1B1A7D89-D70D-4AEE-AF3E-9EB22D70B47E}.Release|Any CPU.ActiveCfg = Release|Any CPU
		{1B1A7D89-D70D-4AEE-AF3E-9EB22D70B47E}.Release|Any CPU.Build.0 = Release|Any CPU
		{F12F1F02-405B-418F-B9F5-1471EDCCE51C}.Debug|Any CPU.ActiveCfg = Debug|Any CPU
		{F12F1F02-405B-418F-B9F5-1471EDCCE51C}.Debug|Any CPU.Build.0 = Debug|Any CPU
		{F12F1F02-405B-418F-B9F5-1471EDCCE51C}.Release|Any CPU.ActiveCfg = Release|Any CPU
		{F12F1F02-405B-418F-B9F5-1471EDCCE51C}.Release|Any CPU.Build.0 = Release|Any CPU
		{0F58C790-8726-4D39-8E53-1C588FF11153}.Debug|Any CPU.ActiveCfg = Debug|Any CPU
		{0F58C790-8726-4D39-8E53-1C588FF11153}.Debug|Any CPU.Build.0 = Debug|Any CPU
		{0F58C790-8726-4D39-8E53-1C588FF11153}.Release|Any CPU.ActiveCfg = Release|Any CPU
		{0F58C790-8726-4D39-8E53-1C588FF11153}.Release|Any CPU.Build.0 = Release|Any CPU
	EndGlobalSection
	GlobalSection(SolutionProperties) = preSolution
		HideSolutionNode = FALSE
	EndGlobalSection
	GlobalSection(ExtensibilityGlobals) = postSolution
		SolutionGuid = {E7BD8938-3AE7-493B-944A-469924F77ABA}
	EndGlobalSection
EndGlobal
