
Microsoft Visual Studio Solution File, Format Version 12.00
# Visual Studio Version 17
VisualStudioVersion = 17.2.32630.192
MinimumVisualStudioVersion = 10.0.40219.1
Project("{FAE04EC0-301F-11D3-BF4B-00C04F79EFBC}") = "01.WorldTour", "01.WorldTour\01.WorldTour.csproj", "{08A5C195-4115-44CE-9EB3-DDFB651023A7}"
EndProject
Project("{FAE04EC0-301F-11D3-BF4B-00C04F79EFBC}") = "02.DestinationMapper", "02.DestinationMapper\02.DestinationMapper.csproj", "{7FBEC57B-00AA-4772-B1BF-41649CF6249D}"
EndProject
Project("{FAE04EC0-301F-11D3-BF4B-00C04F79EFBC}") = "03.PlantDiscovery", "03.PlantDiscovery\03.PlantDiscovery.csproj", "{5B450358-8E71-4EDA-945D-180678E258DB}"
EndProject
Global
	GlobalSection(SolutionConfigurationPlatforms) = preSolution
		Debug|Any CPU = Debug|Any CPU
		Release|Any CPU = Release|Any CPU
	EndGlobalSection
	GlobalSection(ProjectConfigurationPlatforms) = postSolution
		{08A5C195-4115-44CE-9EB3-DDFB651023A7}.Debug|Any CPU.ActiveCfg = Debug|Any CPU
		{08A5C195-4115-44CE-9EB3-DDFB651023A7}.Debug|Any CPU.Build.0 = Debug|Any CPU
		{08A5C195-4115-44CE-9EB3-DDFB651023A7}.Release|Any CPU.ActiveCfg = Release|Any CPU
		{08A5C195-4115-44CE-9EB3-DDFB651023A7}.Release|Any CPU.Build.0 = Release|Any CPU
		{7FBEC57B-00AA-4772-B1BF-41649CF6249D}.Debug|Any CPU.ActiveCfg = Debug|Any CPU
		{7FBEC57B-00AA-4772-B1BF-41649CF6249D}.Debug|Any CPU.Build.0 = Debug|Any CPU
		{7FBEC57B-00AA-4772-B1BF-41649CF6249D}.Release|Any CPU.ActiveCfg = Release|Any CPU
		{7FBEC57B-00AA-4772-B1BF-41649CF6249D}.Release|Any CPU.Build.0 = Release|Any CPU
		{5B450358-8E71-4EDA-945D-180678E258DB}.Debug|Any CPU.ActiveCfg = Debug|Any CPU
		{5B450358-8E71-4EDA-945D-180678E258DB}.Debug|Any CPU.Build.0 = Debug|Any CPU
		{5B450358-8E71-4EDA-945D-180678E258DB}.Release|Any CPU.ActiveCfg = Release|Any CPU
		{5B450358-8E71-4EDA-945D-180678E258DB}.Release|Any CPU.Build.0 = Release|Any CPU
	EndGlobalSection
	GlobalSection(SolutionProperties) = preSolution
		HideSolutionNode = FALSE
	EndGlobalSection
	GlobalSection(ExtensibilityGlobals) = postSolution
		SolutionGuid = {92E48343-02A7-4A4A-AEC8-44D71EE96B46}
	EndGlobalSection
EndGlobal
