
Microsoft Visual Studio Solution File, Format Version 12.00
# Visual Studio Version 17
VisualStudioVersion = 17.2.32630.192
MinimumVisualStudioVersion = 10.0.40219.1
Project("{9A19103F-16F7-4668-BE54-9A1E7A4F7556}") = "01.SecretChat", "01.SecretChat\01.SecretChat.csproj", "{10ECF772-8FB1-474A-84D9-71047FA38B5D}"
EndProject
Project("{9A19103F-16F7-4668-BE54-9A1E7A4F7556}") = "02.MirrorWords", "02.MirrorWords\02.MirrorWords.csproj", "{03B166AE-6CFA-40F5-88C9-5B84B08FC208}"
EndProject
Project("{9A19103F-16F7-4668-BE54-9A1E7A4F7556}") = "03.NeedForSpeedIII", "03.NeedForSpeedIII\03.NeedForSpeedIII.csproj", "{5B5CFC5E-BF15-4C62-9B9A-4A7EB5A0B99E}"
EndProject
Global
	GlobalSection(SolutionConfigurationPlatforms) = preSolution
		Debug|Any CPU = Debug|Any CPU
		Release|Any CPU = Release|Any CPU
	EndGlobalSection
	GlobalSection(ProjectConfigurationPlatforms) = postSolution
		{10ECF772-8FB1-474A-84D9-71047FA38B5D}.Debug|Any CPU.ActiveCfg = Debug|Any CPU
		{10ECF772-8FB1-474A-84D9-71047FA38B5D}.Debug|Any CPU.Build.0 = Debug|Any CPU
		{10ECF772-8FB1-474A-84D9-71047FA38B5D}.Release|Any CPU.ActiveCfg = Release|Any CPU
		{10ECF772-8FB1-474A-84D9-71047FA38B5D}.Release|Any CPU.Build.0 = Release|Any CPU
		{03B166AE-6CFA-40F5-88C9-5B84B08FC208}.Debug|Any CPU.ActiveCfg = Debug|Any CPU
		{03B166AE-6CFA-40F5-88C9-5B84B08FC208}.Debug|Any CPU.Build.0 = Debug|Any CPU
		{03B166AE-6CFA-40F5-88C9-5B84B08FC208}.Release|Any CPU.ActiveCfg = Release|Any CPU
		{03B166AE-6CFA-40F5-88C9-5B84B08FC208}.Release|Any CPU.Build.0 = Release|Any CPU
		{5B5CFC5E-BF15-4C62-9B9A-4A7EB5A0B99E}.Debug|Any CPU.ActiveCfg = Debug|Any CPU
		{5B5CFC5E-BF15-4C62-9B9A-4A7EB5A0B99E}.Debug|Any CPU.Build.0 = Debug|Any CPU
		{5B5CFC5E-BF15-4C62-9B9A-4A7EB5A0B99E}.Release|Any CPU.ActiveCfg = Release|Any CPU
		{5B5CFC5E-BF15-4C62-9B9A-4A7EB5A0B99E}.Release|Any CPU.Build.0 = Release|Any CPU
	EndGlobalSection
	GlobalSection(SolutionProperties) = preSolution
		HideSolutionNode = FALSE
	EndGlobalSection
	GlobalSection(ExtensibilityGlobals) = postSolution
		SolutionGuid = {047A10DC-10DE-45CF-967B-A8B6DC5579EC}
	EndGlobalSection
EndGlobal
