
Microsoft Visual Studio Solution File, Format Version 12.00
# Visual Studio Version 17
VisualStudioVersion = 17.3.32825.248
MinimumVisualStudioVersion = 10.0.40219.1
Project("{FAE04EC0-301F-11D3-BF4B-00C04F79EFBC}") = "01.BakeryShop", "01.BakeryShop\01.BakeryShop.csproj", "{63C9B2F0-E935-4AD1-8905-19B2286C39EC}"
EndProject
Project("{FAE04EC0-301F-11D3-BF4B-00C04F79EFBC}") = "02.BeaverAtWork", "02.BeaverAtWork\02.BeaverAtWork.csproj", "{822D9F39-524A-4F98-8BB6-F97A65F52E5F}"
EndProject
Project("{FAE04EC0-301F-11D3-BF4B-00C04F79EFBC}") = "03.FishingNet", "03.FishingNet\03.FishingNet.csproj", "{DA1A1B3C-B41E-45ED-BECF-BA04C8BB64AD}"
EndProject
Global
	GlobalSection(SolutionConfigurationPlatforms) = preSolution
		Debug|Any CPU = Debug|Any CPU
		Release|Any CPU = Release|Any CPU
	EndGlobalSection
	GlobalSection(ProjectConfigurationPlatforms) = postSolution
		{63C9B2F0-E935-4AD1-8905-19B2286C39EC}.Debug|Any CPU.ActiveCfg = Debug|Any CPU
		{63C9B2F0-E935-4AD1-8905-19B2286C39EC}.Debug|Any CPU.Build.0 = Debug|Any CPU
		{63C9B2F0-E935-4AD1-8905-19B2286C39EC}.Release|Any CPU.ActiveCfg = Release|Any CPU
		{63C9B2F0-E935-4AD1-8905-19B2286C39EC}.Release|Any CPU.Build.0 = Release|Any CPU
		{822D9F39-524A-4F98-8BB6-F97A65F52E5F}.Debug|Any CPU.ActiveCfg = Debug|Any CPU
		{822D9F39-524A-4F98-8BB6-F97A65F52E5F}.Debug|Any CPU.Build.0 = Debug|Any CPU
		{822D9F39-524A-4F98-8BB6-F97A65F52E5F}.Release|Any CPU.ActiveCfg = Release|Any CPU
		{822D9F39-524A-4F98-8BB6-F97A65F52E5F}.Release|Any CPU.Build.0 = Release|Any CPU
		{DA1A1B3C-B41E-45ED-BECF-BA04C8BB64AD}.Debug|Any CPU.ActiveCfg = Debug|Any CPU
		{DA1A1B3C-B41E-45ED-BECF-BA04C8BB64AD}.Debug|Any CPU.Build.0 = Debug|Any CPU
		{DA1A1B3C-B41E-45ED-BECF-BA04C8BB64AD}.Release|Any CPU.ActiveCfg = Release|Any CPU
		{DA1A1B3C-B41E-45ED-BECF-BA04C8BB64AD}.Release|Any CPU.Build.0 = Release|Any CPU
	EndGlobalSection
	GlobalSection(SolutionProperties) = preSolution
		HideSolutionNode = FALSE
	EndGlobalSection
	GlobalSection(ExtensibilityGlobals) = postSolution
		SolutionGuid = {544B48A0-34A2-418B-B4AA-3BDB3BD5CF2D}
	EndGlobalSection
EndGlobal
