
Microsoft Visual Studio Solution File, Format Version 12.00
# Visual Studio Version 17
VisualStudioVersion = 17.4.33110.190
MinimumVisualStudioVersion = 10.0.40219.1
Project("{2150E333-8FDC-42A3-9474-1A3956D46DE8}") = "01.Database", "01.Database", "{9839E477-D0F8-4816-9121-06BF80D12802}"
EndProject
Project("{2150E333-8FDC-42A3-9474-1A3956D46DE8}") = "Database", "Database", "{014E8730-0316-4F0D-B62E-2184CD4789F6}"
EndProject
Project("{9A19103F-16F7-4668-BE54-9A1E7A4F7556}") = "Database", "01.Database\Database\Database.csproj", "{E7A36238-9BFE-4166-BBCF-98305BC6B00B}"
EndProject
Project("{2150E333-8FDC-42A3-9474-1A3956D46DE8}") = "Database.Tests", "Database.Tests", "{F47D6DD0-6903-4EA1-BDDC-C5967DDBE0EC}"
EndProject
Project("{9A19103F-16F7-4668-BE54-9A1E7A4F7556}") = "Database.Tests", "01.Database\Database.Tests\Database.Tests.csproj", "{ED15D627-15A0-43CB-B147-1F60274E21E1}"
EndProject
Project("{2150E333-8FDC-42A3-9474-1A3956D46DE8}") = "02.ExtendedDatabase", "02.ExtendedDatabase", "{B7D025F5-B412-45CC-A5A1-C5BEC247B85C}"
EndProject
Project("{2150E333-8FDC-42A3-9474-1A3956D46DE8}") = "ExtendedDatabase", "ExtendedDatabase", "{A51DD69F-F6D4-4B82-AA6B-1BB0372CDEC3}"
EndProject
Project("{2150E333-8FDC-42A3-9474-1A3956D46DE8}") = "ExtendedDatabase.Tests", "ExtendedDatabase.Tests", "{20B2A3CC-504A-4EED-8AB0-07D8F8C979F1}"
EndProject
Project("{9A19103F-16F7-4668-BE54-9A1E7A4F7556}") = "DatabaseExtended", "02.ExtendedDatabase\DatabaseExtended\DatabaseExtended.csproj", "{24FBBC69-1B9E-4D2B-94BB-99C8919749F4}"
EndProject
Project("{9A19103F-16F7-4668-BE54-9A1E7A4F7556}") = "DatabaseExtended.Tests", "02.ExtendedDatabase\DatabaseExtended.Tests\DatabaseExtended.Tests.csproj", "{047EA06C-74AE-48A5-997C-7763BF6D623F}"
EndProject
Project("{2150E333-8FDC-42A3-9474-1A3956D46DE8}") = "03.CarManager", "03.CarManager", "{48751E9A-8EAA-4C22-AE80-EAFD9283CB08}"
EndProject
Project("{2150E333-8FDC-42A3-9474-1A3956D46DE8}") = "CarManager", "CarManager", "{0C0FA71A-3101-40B2-9AE6-4BDC46B583C1}"
EndProject
Project("{2150E333-8FDC-42A3-9474-1A3956D46DE8}") = "CarManager.Tests", "CarManager.Tests", "{8A1BBC54-3C2A-4C09-ADD9-6FF1C8F413BC}"
EndProject
Project("{2150E333-8FDC-42A3-9474-1A3956D46DE8}") = "04.FightingArena", "04.FightingArena", "{31B7A05B-A502-4522-803C-244D3BD791B2}"
EndProject
Project("{2150E333-8FDC-42A3-9474-1A3956D46DE8}") = "FightingArena", "FightingArena", "{932FCA3C-4AA2-48C0-938C-D1DA7A5DFA8A}"
EndProject
Project("{2150E333-8FDC-42A3-9474-1A3956D46DE8}") = "FightingArena.Tests", "FightingArena.Tests", "{E0211DF2-71BF-448D-86F0-9F2BB8D07176}"
EndProject
Project("{9A19103F-16F7-4668-BE54-9A1E7A4F7556}") = "CarManager", "03.CarManager\CarManager\CarManager.csproj", "{4D36028B-91DB-4471-A8C1-8D279430E551}"
EndProject
Project("{9A19103F-16F7-4668-BE54-9A1E7A4F7556}") = "CarManager.Tests", "03.CarManager\CarManager.Tests\CarManager.Tests.csproj", "{B3C245E5-8D7A-424A-AED6-F3C588F04D8C}"
EndProject
Project("{9A19103F-16F7-4668-BE54-9A1E7A4F7556}") = "FightingArena", "04.FightingArena\FightingArena\FightingArena.csproj", "{735A16AA-C616-4623-AF3E-3A3E815E0D91}"
EndProject
Project("{9A19103F-16F7-4668-BE54-9A1E7A4F7556}") = "FightingArena.Tests", "04.FightingArena\FightingArena.Tests\FightingArena.Tests.csproj", "{27DF521B-A5E6-4CC9-A7C5-B63D660F80B0}"
EndProject
Global
	GlobalSection(SolutionConfigurationPlatforms) = preSolution
		Debug|Any CPU = Debug|Any CPU
		Release|Any CPU = Release|Any CPU
	EndGlobalSection
	GlobalSection(ProjectConfigurationPlatforms) = postSolution
		{E7A36238-9BFE-4166-BBCF-98305BC6B00B}.Debug|Any CPU.ActiveCfg = Debug|Any CPU
		{E7A36238-9BFE-4166-BBCF-98305BC6B00B}.Debug|Any CPU.Build.0 = Debug|Any CPU
		{E7A36238-9BFE-4166-BBCF-98305BC6B00B}.Release|Any CPU.ActiveCfg = Release|Any CPU
		{E7A36238-9BFE-4166-BBCF-98305BC6B00B}.Release|Any CPU.Build.0 = Release|Any CPU
		{ED15D627-15A0-43CB-B147-1F60274E21E1}.Debug|Any CPU.ActiveCfg = Debug|Any CPU
		{ED15D627-15A0-43CB-B147-1F60274E21E1}.Debug|Any CPU.Build.0 = Debug|Any CPU
		{ED15D627-15A0-43CB-B147-1F60274E21E1}.Release|Any CPU.ActiveCfg = Release|Any CPU
		{ED15D627-15A0-43CB-B147-1F60274E21E1}.Release|Any CPU.Build.0 = Release|Any CPU
		{24FBBC69-1B9E-4D2B-94BB-99C8919749F4}.Debug|Any CPU.ActiveCfg = Debug|Any CPU
		{24FBBC69-1B9E-4D2B-94BB-99C8919749F4}.Debug|Any CPU.Build.0 = Debug|Any CPU
		{24FBBC69-1B9E-4D2B-94BB-99C8919749F4}.Release|Any CPU.ActiveCfg = Release|Any CPU
		{24FBBC69-1B9E-4D2B-94BB-99C8919749F4}.Release|Any CPU.Build.0 = Release|Any CPU
		{047EA06C-74AE-48A5-997C-7763BF6D623F}.Debug|Any CPU.ActiveCfg = Debug|Any CPU
		{047EA06C-74AE-48A5-997C-7763BF6D623F}.Debug|Any CPU.Build.0 = Debug|Any CPU
		{047EA06C-74AE-48A5-997C-7763BF6D623F}.Release|Any CPU.ActiveCfg = Release|Any CPU
		{047EA06C-74AE-48A5-997C-7763BF6D623F}.Release|Any CPU.Build.0 = Release|Any CPU
		{4D36028B-91DB-4471-A8C1-8D279430E551}.Debug|Any CPU.ActiveCfg = Debug|Any CPU
		{4D36028B-91DB-4471-A8C1-8D279430E551}.Debug|Any CPU.Build.0 = Debug|Any CPU
		{4D36028B-91DB-4471-A8C1-8D279430E551}.Release|Any CPU.ActiveCfg = Release|Any CPU
		{4D36028B-91DB-4471-A8C1-8D279430E551}.Release|Any CPU.Build.0 = Release|Any CPU
		{B3C245E5-8D7A-424A-AED6-F3C588F04D8C}.Debug|Any CPU.ActiveCfg = Debug|Any CPU
		{B3C245E5-8D7A-424A-AED6-F3C588F04D8C}.Debug|Any CPU.Build.0 = Debug|Any CPU
		{B3C245E5-8D7A-424A-AED6-F3C588F04D8C}.Release|Any CPU.ActiveCfg = Release|Any CPU
		{B3C245E5-8D7A-424A-AED6-F3C588F04D8C}.Release|Any CPU.Build.0 = Release|Any CPU
		{735A16AA-C616-4623-AF3E-3A3E815E0D91}.Debug|Any CPU.ActiveCfg = Debug|Any CPU
		{735A16AA-C616-4623-AF3E-3A3E815E0D91}.Debug|Any CPU.Build.0 = Debug|Any CPU
		{735A16AA-C616-4623-AF3E-3A3E815E0D91}.Release|Any CPU.ActiveCfg = Release|Any CPU
		{735A16AA-C616-4623-AF3E-3A3E815E0D91}.Release|Any CPU.Build.0 = Release|Any CPU
		{27DF521B-A5E6-4CC9-A7C5-B63D660F80B0}.Debug|Any CPU.ActiveCfg = Debug|Any CPU
		{27DF521B-A5E6-4CC9-A7C5-B63D660F80B0}.Debug|Any CPU.Build.0 = Debug|Any CPU
		{27DF521B-A5E6-4CC9-A7C5-B63D660F80B0}.Release|Any CPU.ActiveCfg = Release|Any CPU
		{27DF521B-A5E6-4CC9-A7C5-B63D660F80B0}.Release|Any CPU.Build.0 = Release|Any CPU
	EndGlobalSection
	GlobalSection(SolutionProperties) = preSolution
		HideSolutionNode = FALSE
	EndGlobalSection
	GlobalSection(NestedProjects) = preSolution
		{014E8730-0316-4F0D-B62E-2184CD4789F6} = {9839E477-D0F8-4816-9121-06BF80D12802}
		{E7A36238-9BFE-4166-BBCF-98305BC6B00B} = {014E8730-0316-4F0D-B62E-2184CD4789F6}
		{F47D6DD0-6903-4EA1-BDDC-C5967DDBE0EC} = {9839E477-D0F8-4816-9121-06BF80D12802}
		{ED15D627-15A0-43CB-B147-1F60274E21E1} = {F47D6DD0-6903-4EA1-BDDC-C5967DDBE0EC}
		{A51DD69F-F6D4-4B82-AA6B-1BB0372CDEC3} = {B7D025F5-B412-45CC-A5A1-C5BEC247B85C}
		{20B2A3CC-504A-4EED-8AB0-07D8F8C979F1} = {B7D025F5-B412-45CC-A5A1-C5BEC247B85C}
		{24FBBC69-1B9E-4D2B-94BB-99C8919749F4} = {A51DD69F-F6D4-4B82-AA6B-1BB0372CDEC3}
		{047EA06C-74AE-48A5-997C-7763BF6D623F} = {20B2A3CC-504A-4EED-8AB0-07D8F8C979F1}
		{0C0FA71A-3101-40B2-9AE6-4BDC46B583C1} = {48751E9A-8EAA-4C22-AE80-EAFD9283CB08}
		{8A1BBC54-3C2A-4C09-ADD9-6FF1C8F413BC} = {48751E9A-8EAA-4C22-AE80-EAFD9283CB08}
		{932FCA3C-4AA2-48C0-938C-D1DA7A5DFA8A} = {31B7A05B-A502-4522-803C-244D3BD791B2}
		{E0211DF2-71BF-448D-86F0-9F2BB8D07176} = {31B7A05B-A502-4522-803C-244D3BD791B2}
		{4D36028B-91DB-4471-A8C1-8D279430E551} = {0C0FA71A-3101-40B2-9AE6-4BDC46B583C1}
		{B3C245E5-8D7A-424A-AED6-F3C588F04D8C} = {8A1BBC54-3C2A-4C09-ADD9-6FF1C8F413BC}
		{735A16AA-C616-4623-AF3E-3A3E815E0D91} = {932FCA3C-4AA2-48C0-938C-D1DA7A5DFA8A}
		{27DF521B-A5E6-4CC9-A7C5-B63D660F80B0} = {E0211DF2-71BF-448D-86F0-9F2BB8D07176}
	EndGlobalSection
	GlobalSection(ExtensibilityGlobals) = postSolution
		SolutionGuid = {41B67928-0705-4CD2-854C-D8020A7CFC1D}
	EndGlobalSection
EndGlobal
